{
  "nodes": {
    "agenix": {
      "inputs": {
        "nixpkgs": [
          "nixpkgs"
        ]
      },
      "locked": {
        "lastModified": 1662046976,
        "narHash": "sha256-BrTReGRhkVm/Kmmf4zQrL+oYWy0sds/BDBgXNX1CL3c=",
        "owner": "ryantm",
        "repo": "agenix",
        "rev": "9f136ecfa5bf954538aed3245e4408cf87c85097",
        "type": "github"
      },
      "original": {
        "owner": "ryantm",
        "ref": "0.12.0",
        "repo": "agenix",
        "type": "github"
      }
    },
    "home-manager": {
      "inputs": {
        "nixpkgs": [
          "nixpkgs"
        ]
      },
      "locked": {
        "lastModified": 1694465129,
        "narHash": "sha256-8BQiuobMrCfCbGM7w6Snx+OBYdtTIm0+cGVaKwQ5BFg=",
        "owner": "nix-community",
        "repo": "home-manager",
        "rev": "9787dffff5d315c9593d3f9fb0f9bf2097e1b57b",
        "type": "github"
      },
      "original": {
        "owner": "nix-community",
        "ref": "release-23.05",
        "repo": "home-manager",
        "type": "github"
      }
    },
    "nixos-hardware": {
      "locked": {
        "lastModified": 1695027437,
        "narHash": "sha256-LnwQAaC0/queabmmFbXtFVpFUGq+ZE0FjFjNYV5gp08=",
        "owner": "NixOS",
        "repo": "nixos-hardware",
        "rev": "b0f82bcf524924fa9672be7f81292731d7d8c133",
        "type": "github"
      },
      "original": {
        "owner": "NixOS",
        "repo": "nixos-hardware",
        "type": "github"
      }
    },
    "nixpkgs": {
      "locked": {
        "lastModified": 1694937365,
        "narHash": "sha256-iHZSGrb9gVpZRR4B2ishUN/1LRKWtSHZNO37C8z1SmA=",
        "owner": "NixOS",
        "repo": "nixpkgs",
        "rev": "5d017a8822e0907fb96f7700a319f9fe2434de02",
        "type": "github"
      },
      "original": {
        "owner": "NixOS",
        "ref": "nixos-23.05",
        "repo": "nixpkgs",
        "type": "github"
      }
    },
    "nixpkgs-unstable": {
      "locked": {
        "lastModified": 1694767346,
        "narHash": "sha256-5uH27SiVFUwsTsqC5rs3kS7pBoNhtoy9QfTP9BmknGk=",
        "owner": "NixOS",
        "repo": "nixpkgs",
        "rev": "ace5093e36ab1e95cb9463863491bee90d5a4183",
        "type": "github"
      },
      "original": {
        "owner": "NixOS",
        "ref": "nixos-unstable",
        "repo": "nixpkgs",
        "type": "github"
      }
    },
    "nuzulip": {
      "inputs": {
        "nixpkgs": [
          "nixpkgs"
        ]
      },
      "locked": {
        "lastModified": 1695059344,
        "narHash": "sha256-jErwUGKFsNPb+PQ1HhroN+QFN9pe4pb78OT5SOeSFEk=",
        "owner": "james-atkins",
        "repo": "zulip-nu-econ",
        "rev": "bade1c0dc936c5bace32a0ec8eefe8221debbd39",
        "type": "github"
      },
      "original": {
        "owner": "james-atkins",
        "repo": "zulip-nu-econ",
        "type": "github"
      }
    },
    "root": {
      "inputs": {
        "agenix": "agenix",
        "home-manager": "home-manager",
        "nixos-hardware": "nixos-hardware",
        "nixpkgs": "nixpkgs",
        "nixpkgs-unstable": "nixpkgs-unstable",
        "nuzulip": "nuzulip"
      }
    }
  },
  "root": "root",
  "version": 7
}
